
Microsoft Visual Studio Solution File, Format Version 12.00
# Visual Studio 15
Project("{FAE04EC0-301F-11D3-BF4B-00C04F79EFBC}") = "Assembly-CSharp", "Assembly-CSharp.csproj", "{80AF7F36-9816-2CDC-7C53-060DF5FA17E5}"
EndProject
Project("{FAE04EC0-301F-11D3-BF4B-00C04F79EFBC}") = "Assembly-CSharp-Editor", "Assembly-CSharp-Editor.csproj", "{A767CA85-E4C1-5B31-6486-3FECEEA9D6C8}"
EndProject
Global
	GlobalSection(SolutionConfigurationPlatforms) = preSolution
		Debug|Any CPU = Debug|Any CPU
		Release|Any CPU = Release|Any CPU
	EndGlobalSection
	GlobalSection(ProjectConfigurationPlatforms) = postSolution
		{80AF7F36-9816-2CDC-7C53-060DF5FA17E5}.Debug|Any CPU.ActiveCfg = Debug|Any CPU
		{80AF7F36-9816-2CDC-7C53-060DF5FA17E5}.Debug|Any CPU.Build.0 = Debug|Any CPU
		{80AF7F36-9816-2CDC-7C53-060DF5FA17E5}.Release|Any CPU.ActiveCfg = Release|Any CPU
		{80AF7F36-9816-2CDC-7C53-060DF5FA17E5}.Release|Any CPU.Build.0 = Release|Any CPU
		{A767CA85-E4C1-5B31-6486-3FECEEA9D6C8}.Debug|Any CPU.ActiveCfg = Debug|Any CPU
		{A767CA85-E4C1-5B31-6486-3FECEEA9D6C8}.Debug|Any CPU.Build.0 = Debug|Any CPU
		{A767CA85-E4C1-5B31-6486-3FECEEA9D6C8}.Release|Any CPU.ActiveCfg = Release|Any CPU
		{A767CA85-E4C1-5B31-6486-3FECEEA9D6C8}.Release|Any CPU.Build.0 = Release|Any CPU
	EndGlobalSection
	GlobalSection(SolutionProperties) = preSolution
		HideSolutionNode = FALSE
	EndGlobalSection
EndGlobal
